PODS:
  - Alamofire (4.5.1)
  - Bolts (1.8.4):
    - Bolts/AppLinks (= 1.8.4)
    - Bolts/Tasks (= 1.8.4)
  - Bolts/AppLinks (1.8.4):
    - Bolts/Tasks
  - Bolts/Tasks (1.8.4)
  - DateTimePicker (1.1.2)
  - FacebookCore (0.2.0):
    - Bolts (~> 1.8)
    - FBSDKCoreKit (~> 4.15)
  - FacebookLogin (0.2.0):
    - Bolts (~> 1.8)
    - FacebookCore (~> 0.2)
    - FBSDKCoreKit (~> 4.15)
    - FBSDKLoginKit (~> 4.15)
  - FBSDKCoreKit (4.26.0):
    - Bolts (~> 1.7)
  - FBSDKLoginKit (4.26.0):
    - FBSDKCoreKit
  - Firebase (4.0.3):
    - Firebase/Core (= 4.0.3)
  - Firebase/Core (4.0.3):
    - FirebaseAnalytics (= 4.0.2)
    - FirebaseCore (= 4.0.3)
  - Firebase/Messaging (4.0.3):
    - Firebase/Core
    - FirebaseMessaging (= 2.0.0)
  - FirebaseAnalytics (4.0.2):
    - FirebaseCore (~> 4.0)
    - FirebaseInstanceID (~> 2.0)
    - GoogleToolboxForMac/NSData+zlib (~> 2.1)
  - FirebaseCore (4.0.3):
    - GoogleToolboxForMac/NSData+zlib (~> 2.1)
  - FirebaseInstanceID (2.0.2):
    - FirebaseCore (~> 4.0)
  - FirebaseMessaging (2.0.0):
    - FirebaseAnalytics (~> 4.0)
    - FirebaseCore (~> 4.0)
    - FirebaseInstanceID (~> 2.0)
    - GoogleToolboxForMac/Logger (~> 2.1)
    - Protobuf (~> 3.1)
  - FoldingCell (2.0.5)
  - GoogleMaps/Base (2.4.0)
  - GooglePlaces (2.4.0):
    - GoogleMaps/Base (= 2.4.0)
  - GoogleToolboxForMac/Defines (2.1.1)
  - GoogleToolboxForMac/Logger (2.1.1):
    - GoogleToolboxForMac/Defines (= 2.1.1)
  - GoogleToolboxForMac/NSData+zlib (2.1.1):
    - GoogleToolboxForMac/Defines (= 2.1.1)
  - HanekeSwift (0.10.1)
  - mangopay (1.0.2)
  - PopupDialog (0.5.4)
  - Protobuf (3.4.0)
  - RAMAnimatedTabBarController (2.0.13)
  - SwiftSpinner (1.3.0)
  - SwiftyJSON (3.1.4)
  - TRON (2.0.1):
    - Alamofire (~> 4.1)
    - TRON/SwiftyJSON (= 2.0.1)
  - TRON/Core (2.0.1):
    - Alamofire (~> 4.1)
  - TRON/SwiftyJSON (2.0.1):
    - Alamofire (~> 4.1)
    - SwiftyJSON (~> 3.1)
    - TRON/Core

DEPENDENCIES:
  - DateTimePicker
  - FacebookCore
  - FacebookLogin
  - Firebase (= 4.0.3)
  - Firebase/Core
  - Firebase/Messaging
  - FoldingCell (~> 2.0.3)
  - GooglePlaces
  - HanekeSwift (from `https://github.com/Haneke/HanekeSwift`, branch `feature/swift-3`)
  - mangopay
  - PopupDialog (~> 0.5)
  - RAMAnimatedTabBarController (~> 2.0.13)
  - SwiftSpinner
  - TRON (~> 2.0.0)

EXTERNAL SOURCES:
  HanekeSwift:
    :branch: feature/swift-3
    :git: https://github.com/Haneke/HanekeSwift

CHECKOUT OPTIONS:
  HanekeSwift:
    :commit: 2f6d87f1f725d204d85cb34492e8c399cd5a200f
    :git: https://github.com/Haneke/HanekeSwift

SPEC CHECKSUMS:
  Alamofire: 2d95912bf4c34f164fdfc335872e8c312acaea4a
  Bolts: 8a7995239dbe724f9cba2248b766d48b7ebdd322
  DateTimePicker: 518bffa5438ef83a7a687cc4d5e187e5c12012b8
  FacebookCore: 2cb3f0fbff218e9d3119cec84bae983b232412de
  FacebookLogin: c9d606504735780a9e3002465a615512e0a691a5
  FBSDKCoreKit: c8b8582311ec11b145451d8b9717dc6cc2ae5a76
  FBSDKLoginKit: f3f03b94c21eb834af243c0a881d48641f47ca60
  Firebase: 9e33fdfbca37cab635c693883caa90a4475b842b
  FirebaseAnalytics: ad41720e3e67fc63fbe3d2948d3e26932a8de311
  FirebaseCore: c709067051de07bdaffdc4e735cd7299a23c463a
  FirebaseInstanceID: c4c7fca62c7b7330caee5da04f19a37ea37bb1c1
  FirebaseMessaging: 227406c05b0dc9290702d2e9f18ab5528f0c2cf2
  FoldingCell: fb189fc746e95b722a1debf8ef455006b70cae2e
  GoogleMaps: 8436ab5d1c25e36915b2f7416d0c8e3fa2e76c61
  GooglePlaces: aafe5990fa7951e98e078761bbdaaf236d7e0c65
  GoogleToolboxForMac: 8e329f1b599f2512c6b10676d45736bcc2cbbeb0
  HanekeSwift: 4113367892828e7700d24a384027de6ebc79aad1
  mangopay: c8005077cfd2b6813b99d52a4cd78238eb1082e7
  PopupDialog: 75cf955693590b0cb2fdde00223fb65d99c57247
  Protobuf: 03eef2ee0b674770735cf79d9c4d3659cf6908e8
  RAMAnimatedTabBarController: 2510f3b66954c3f77ea1042a35d34df8f5f3b604
  SwiftSpinner: c249fffed3e74b5f3e6492dcc05d6bc1525a8220
  SwiftyJSON: c2842d878f95482ffceec5709abc3d05680c0220
  TRON: 7b9adeb678fe0e25433d207f6a734aaf145fa9b5

PODFILE CHECKSUM: 4baaac612703b80ffad814466459f1fe0fe0fd71

COCOAPODS: 1.2.1
